{
  "originHash" : "2eac8521a541d0378f5b0b7b094cb5f925dadb3f19832b88e8839cc9dd4b67b3",
  "pins" : [
    {
      "identity" : "highlightr",
      "kind" : "remoteSourceControl",
      "location" : "https://github.com/raspu/Highlightr.git",
      "state" : {
        "revision" : "05e7fcc63b33925cd0c1faaa205cdd5681e7bbef",
        "version" : "2.3.0"
      }
    }
  ],
  "version" : 3
}
